// !$*UTF8*$!
{
	archiveVersion = 1;
	classes = {
	};
	objectVersion = 46;
	objects = {

/* Begin PBXBuildFile section */
		EF5154DE1D6FF1D70054F88B /* AppDelegate.swift in Sources */ = {isa = PBXBuildFile; fileRef = EF5154DD1D6FF1D70054F88B /* AppDelegate.swift */; };
		EF5154E01D6FF1D70054F88B /* ViewController.swift in Sources */ = {isa = PBXBuildFile; fileRef = EF5154DF1D6FF1D70054F88B /* ViewController.swift */; };
		EF5154E31D6FF1D70054F88B /* Main.storyboard in Resources */ = {isa = PBXBuildFile; fileRef = EF5154E11D6FF1D70054F88B /* Main.storyboard */; };
		EF5154E61D6FF1D70054F88B /* TableViewDB.xcdatamodeld in Sources */ = {isa = PBXBuildFile; fileRef = EF5154E41D6FF1D70054F88B /* TableViewDB.xcdatamodeld */; };
		EF5154E81D6FF1D70054F88B /* Assets.xcassets in Resources */ = {isa = PBXBuildFile; fileRef = EF5154E71D6FF1D70054F88B /* Assets.xcassets */; };
		EF5154EB1D6FF1D70054F88B /* LaunchScreen.storyboard in Resources */ = {isa = PBXBuildFile; fileRef = EF5154E91D6FF1D70054F88B /* LaunchScreen.storyboard */; };
/* End PBXBuildFile section */

/* Begin PBXFileReference section */
		EF5154DA1D6FF1D60054F88B /* TableViewDB.app */ = {isa = PBXFileReference; explicitFileType = wrapper.application; includeInIndex = 0; path = TableViewDB.app; sourceTree = BUILT_PRODUCTS_DIR; };
		EF5154DD1D6FF1D70054F88B /* AppDelegate.swift */ = {isa = PBXFileReference; lastKnownFileType = sourcecode.swift; path = AppDelegate.swift; sourceTree = "<group>"; };
		EF5154DF1D6FF1D70054F88B /* ViewController.swift */ = {isa = PBXFileReference; lastKnownFileType = sourcecode.swift; path = ViewController.swift; sourceTree = "<group>"; };
		EF5154E21D6FF1D70054F88B /* Base */ = {isa = PBXFileReference; lastKnownFileType = file.storyboard; name = Base; path = Base.lproj/Main.storyboard; sourceTree = "<group>"; };
		EF5154E51D6FF1D70054F88B /* TableViewDB.xcdatamodel */ = {isa = PBXFileReference; lastKnownFileType = wrapper.xcdatamodel; path = TableViewDB.xcdatamodel; sourceTree = "<group>"; };
		EF5154E71D6FF1D70054F88B /* Assets.xcassets */ = {isa = PBXFileReference; lastKnownFileType = folder.assetcatalog; path = Assets.xcassets; sourceTree = "<group>"; };
		EF5154EA1D6FF1D70054F88B /* Base */ = {isa = PBXFileReference; lastKnownFileType = file.storyboard; name = Base; path = Base.lproj/LaunchScreen.storyboard; sourceTree = "<group>"; };
		EF5154EC1D6FF1D70054F88B /* Info.plist */ = {isa = PBXFileReference; lastKnownFileType = text.plist.xml; path = Info.plist; sourceTree = "<group>"; };
/* End PBXFileReference section */

/* Begin PBXFrameworksBuildPhase section */
		EF5154D71D6FF1D60054F88B /* Frameworks */ = {
			isa = PBXFrameworksBuildPhase;
			buildActionMask = 2147483647;
			files = (
			);
			runOnlyForDeploymentPostprocessing = 0;
		};
/* End PBXFrameworksBuildPhase section */

/* Begin PBXGroup section */
		EF5154D11D6FF1D60054F88B = {
			isa = PBXGroup;
			children = (
				EF5154DC1D6FF1D70054F88B /* TableViewDB */,
				EF5154DB1D6FF1D60054F88B /* Products */,
			);
			sourceTree = "<group>";
		};
		EF5154DB1D6FF1D60054F88B /* Products */ = {
			isa = PBXGroup;
			children = (
				EF5154DA1D6FF1D60054F88B /* TableViewDB.app */,
			);
			name = Products;
			sourceTree = "<group>";
		};
		EF5154DC1D6FF1D70054F88B /* TableViewDB */ = {
			isa = PBXGroup;
			children = (
				EF5154DD1D6FF1D70054F88B /* AppDelegate.swift */,
				EF5154DF1D6FF1D70054F88B /* ViewController.swift */,
				EF5154E11D6FF1D70054F88B /* Main.storyboard */,
				EF5154E71D6FF1D70054F88B /* Assets.xcassets */,
				EF5154E91D6FF1D70054F88B /* LaunchScreen.storyboard */,
				EF5154EC1D6FF1D70054F88B /* Info.plist */,
				EF5154E41D6FF1D70054F88B /* TableViewDB.xcdatamodeld */,
			);
			path = TableViewDB;
			sourceTree = "<group>";
		};
/* End PBXGroup section */

/* Begin PBXNativeTarget section */
		EF5154D91D6FF1D60054F88B /* TableViewDB */ = {
			isa = PBXNativeTarget;
			buildConfigurationList = EF5154EF1D6FF1D70054F88B /* Build configuration list for PBXNativeTarget "TableViewDB" */;
			buildPhases = (
				EF5154D61D6FF1D60054F88B /* Sources */,
				EF5154D71D6FF1D60054F88B /* Frameworks */,
				EF5154D81D6FF1D60054F88B /* Resources */,
			);
			buildRules = (
			);
			dependencies = (
			);
			name = TableViewDB;
			productName = TableViewDB;
			productReference = EF5154DA1D6FF1D60054F88B /* TableViewDB.app */;
			productType = "com.apple.product-type.application";
		};
/* End PBXNativeTarget section */

/* Begin PBXProject section */
		EF5154D21D6FF1D60054F88B /* Project object */ = {
			isa = PBXProject;
			attributes = {
				LastSwiftUpdateCheck = 0730;
				LastUpgradeCheck = 0730;
				ORGANIZATIONNAME = CokiLab;
				TargetAttributes = {
					EF5154D91D6FF1D60054F88B = {
						CreatedOnToolsVersion = 7.3.1;
						DevelopmentTeam = 5Z482V35AB;
					};
				};
			};
			buildConfigurationList = EF5154D51D6FF1D60054F88B /* Build configuration list for PBXProject "TableViewDB" */;
			compatibilityVersion = "Xcode 3.2";
			developmentRegion = English;
			hasScannedForEncodings = 0;
			knownRegions = (
				en,
				Base,
			);
			mainGroup = EF5154D11D6FF1D60054F88B;
			productRefGroup = EF5154DB1D6FF1D60054F88B /* Products */;
			projectDirPath = "";
			projectRoot = "";
			targets = (
				EF5154D91D6FF1D60054F88B /* TableViewDB */,
			);
		};
/* End PBXProject section */

/* Begin PBXResourcesBuildPhase section */
		EF5154D81D6FF1D60054F88B /* Resources */ = {
			isa = PBXResourcesBuildPhase;
			buildActionMask = 2147483647;
			files = (
				EF5154EB1D6FF1D70054F88B /* LaunchScreen.storyboard in Resources */,
				EF5154E81D6FF1D70054F88B /* Assets.xcassets in Resources */,
				EF5154E31D6FF1D70054F88B /* Main.storyboard in Resources */,
			);
			runOnlyForDeploymentPostprocessing = 0;
		};
/* End PBXResourcesBuildPhase section */

/* Begin PBXSourcesBuildPhase section */
		EF5154D61D6FF1D60054F88B /* Sources */ = {
			isa = PBXSourcesBuildPhase;
			buildActionMask = 2147483647;
			files = (
				EF5154E61D6FF1D70054F88B /* TableViewDB.xcdatamodeld in Sources */,
				EF5154E01D6FF1D70054F88B /* ViewController.swift in Sources */,
				EF5154DE1D6FF1D70054F88B /* AppDelegate.swift in Sources */,
			);
			runOnlyForDeploymentPostprocessing = 0;
		};
/* End PBXSourcesBuildPhase section */

/* Begin PBXVariantGroup section */
		EF5154E11D6FF1D70054F88B /* Main.storyboard */ = {
			isa = PBXVariantGroup;
			children = (
				EF5154E21D6FF1D70054F88B /* Base */,
			);
			name = Main.storyboard;
			sourceTree = "<group>";
		};
		EF5154E91D6FF1D70054F88B /* LaunchScreen.storyboard */ = {
			isa = PBXVariantGroup;
			children = (
				EF5154EA1D6FF1D70054F88B /* Base */,
			);
			name = LaunchScreen.storyboard;
			sourceTree = "<group>";
		};
/* End PBXVariantGroup section */

/* Begin XCBuildConfiguration section */
		EF5154ED1D6FF1D70054F88B /* Debug */ = {
			isa = XCBuildConfiguration;
			buildSettings = {
				ALWAYS_SEARCH_USER_PATHS = NO;
				CLANG_ANALYZER_NONNULL = YES;
				CLANG_CXX_LANGUAGE_STANDARD = "gnu++0x";
				CLANG_CXX_LIBRARY = "libc++";
				CLANG_ENABLE_MODULES = YES;
				CLANG_ENABLE_OBJC_ARC = YES;
				CLANG_WARN_BOOL_CONVERSION = YES;
				CLANG_WARN_CONSTANT_CONVERSION = YES;
				CLANG_WARN_DIRECT_OBJC_ISA_USAGE = YES_ERROR;
				CLANG_WARN_EMPTY_BODY = YES;
				CLANG_WARN_ENUM_CONVERSION = YES;
				CLANG_WARN_INT_CONVERSION = YES;
				CLANG_WARN_OBJC_ROOT_CLASS = YES_ERROR;
				CLANG_WARN_UNREACHABLE_CODE = YES;
				CLANG_WARN__DUPLICATE_METHOD_MATCH = YES;
				"CODE_SIGN_IDENTITY[sdk=iphoneos*]" = "iPhone Developer";
				COPY_PHASE_STRIP = NO;
				DEBUG_INFORMATION_FORMAT = dwarf;
				ENABLE_STRICT_OBJC_MSGSEND = YES;
				ENABLE_TESTABILITY = YES;
				GCC_C_LANGUAGE_STANDARD = gnu99;
				GCC_DYNAMIC_NO_PIC = NO;
				GCC_NO_COMMON_BLOCKS = YES;
				GCC_OPTIMIZATION_LEVEL = 0;
				GCC_PREPROCESSOR_DEFINITIONS = (
					"DEBUG=1",
					"$(inherited)",
				);
				GCC_WARN_64_TO_32_BIT_CONVERSION = YES;
				GCC_WARN_ABOUT_RETURN_TYPE = YES_ERROR;
				GCC_WARN_UNDECLARED_SELECTOR = YES;
				GCC_WARN_UNINITIALIZED_AUTOS = YES_AGGRESSIVE;
				GCC_WARN_UNUSED_FUNCTION = YES;
				GCC_WARN_UNUSED_VARIABLE = YES;
				IPHONEOS_DEPLOYMENT_TARGET = 9.3;
				MTL_ENABLE_DEBUG_INFO = YES;
				ONLY_ACTIVE_ARCH = YES;
				SDKROOT = iphoneos;
				SWIFT_OPTIMIZATION_LEVEL = "-Onone";
				TARGETED_DEVICE_FAMILY = "1,2";
			};
			name = Debug;
		};
		EF5154EE1D6FF1D70054F88B /* Release */ = {
			isa = XCBuildConfiguration;
			buildSettings = {
				ALWAYS_SEARCH_USER_PATHS = NO;
				CLANG_ANALYZER_NONNULL = YES;
				CLANG_CXX_LANGUAGE_STANDARD = "gnu++0x";
				CLANG_CXX_LIBRARY = "libc++";
				CLANG_ENABLE_MODULES = YES;
				CLANG_ENABLE_OBJC_ARC = YES;
				CLANG_WARN_BOOL_CONVERSION = YES;
				CLANG_WARN_CONSTANT_CONVERSION = YES;
				CLANG_WARN_DIRECT_OBJC_ISA_USAGE = YES_ERROR;
				CLANG_WARN_EMPTY_BODY = YES;
				CLANG_WARN_ENUM_CONVERSION = YES;
				CLANG_WARN_INT_CONVERSION = YES;
				CLANG_WARN_OBJC_ROOT_CLASS = YES_ERROR;
				CLANG_WARN_UNREACHABLE_CODE = YES;
				CLANG_WARN__DUPLICATE_METHOD_MATCH = YES;
				"CODE_SIGN_IDENTITY[sdk=iphoneos*]" = "iPhone Developer";
				COPY_PHASE_STRIP = NO;
				DEBUG_INFORMATION_FORMAT = "dwarf-with-dsym";
				ENABLE_NS_ASSERTIONS = NO;
				ENABLE_STRICT_OBJC_MSGSEND = YES;
				GCC_C_LANGUAGE_STANDARD = gnu99;
				GCC_NO_COMMON_BLOCKS = YES;
				GCC_WARN_64_TO_32_BIT_CONVERSION = YES;
				GCC_WARN_ABOUT_RETURN_TYPE = YES_ERROR;
				GCC_WARN_UNDECLARED_SELECTOR = YES;
				GCC_WARN_UNINITIALIZED_AUTOS = YES_AGGRESSIVE;
				GCC_WARN_UNUSED_FUNCTION = YES;
				GCC_WARN_UNUSED_VARIABLE = YES;
				IPHONEOS_DEPLOYMENT_TARGET = 9.3;
				MTL_ENABLE_DEBUG_INFO = NO;
				SDKROOT = iphoneos;
				TARGETED_DEVICE_FAMILY = "1,2";
				VALIDATE_PRODUCT = YES;
			};
			name = Release;
		};
		EF5154F01D6FF1D70054F88B /* Debug */ = {
			isa = XCBuildConfiguration;
			buildSettings = {
				ASSETCATALOG_COMPILER_APPICON_NAME = AppIcon;
				INFOPLIST_FILE = TableViewDB/Info.plist;
				LD_RUNPATH_SEARCH_PATHS = "$(inherited) @executable_path/Frameworks";
				PRODUCT_BUNDLE_IDENTIFIER = com.cokilab.TableViewDB;
				PRODUCT_NAME = "$(TARGET_NAME)";
			};
			name = Debug;
		};
		EF5154F11D6FF1D70054F88B /* Release */ = {
			isa = XCBuildConfiguration;
			buildSettings = {
				ASSETCATALOG_COMPILER_APPICON_NAME = AppIcon;
				INFOPLIST_FILE = TableViewDB/Info.plist;
				LD_RUNPATH_SEARCH_PATHS = "$(inherited) @executable_path/Frameworks";
				PRODUCT_BUNDLE_IDENTIFIER = com.cokilab.TableViewDB;
				PRODUCT_NAME = "$(TARGET_NAME)";
			};
			name = Release;
		};
/* End XCBuildConfiguration section */

/* Begin XCConfigurationList section */
		EF5154D51D6FF1D60054F88B /* Build configuration list for PBXProject "TableViewDB" */ = {
			isa = XCConfigurationList;
			buildConfigurations = (
				EF5154ED1D6FF1D70054F88B /* Debug */,
				EF5154EE1D6FF1D70054F88B /* Release */,
			);
			defaultConfigurationIsVisible = 0;
			defaultConfigurationName = Release;
		};
		EF5154EF1D6FF1D70054F88B /* Build configuration list for PBXNativeTarget "TableViewDB" */ = {
			isa = XCConfigurationList;
			buildConfigurations = (
				EF5154F01D6FF1D70054F88B /* Debug */,
				EF5154F11D6FF1D70054F88B /* Release */,
			);
			defaultConfigurationIsVisible = 0;
		};
/* End XCConfigurationList section */

/* Begin XCVersionGroup section */
		EF5154E41D6FF1D70054F88B /* TableViewDB.xcdatamodeld */ = {
			isa = XCVersionGroup;
			children = (
				EF5154E51D6FF1D70054F88B /* TableViewDB.xcdatamodel */,
			);
			currentVersion = EF5154E51D6FF1D70054F88B /* TableViewDB.xcdatamodel */;
			path = TableViewDB.xcdatamodeld;
			sourceTree = "<group>";
			versionGroupType = wrapper.xcdatamodel;
		};
/* End XCVersionGroup section */
	};
	rootObject = EF5154D21D6FF1D60054F88B /* Project object */;
}
